
Microsoft Visual Studio Solution File, Format Version 12.00
# Visual Studio 15
VisualStudioVersion = 15.0.28307.1022
MinimumVisualStudioVersion = 10.0.40219.1
Project("{FAE04EC0-301F-11D3-BF4B-00C04F79EFBC}") = "Rozetka", "Rozetka\Rozetka.csproj", "{1738BC61-FB9E-492B-B92B-133B07E15171}"
EndProject
Global
	GlobalSection(SolutionConfigurationPlatforms) = preSolution
		Debug|Any CPU = Debug|Any CPU
		Release|Any CPU = Release|Any CPU
	EndGlobalSection
	GlobalSection(ProjectConfigurationPlatforms) = postSolution
		{1738BC61-FB9E-492B-B92B-133B07E15171}.Debug|Any CPU.ActiveCfg = Debug|Any CPU
		{1738BC61-FB9E-492B-B92B-133B07E15171}.Debug|Any CPU.Build.0 = Debug|Any CPU
		{1738BC61-FB9E-492B-B92B-133B07E15171}.Release|Any CPU.ActiveCfg = Release|Any CPU
		{1738BC61-FB9E-492B-B92B-133B07E15171}.Release|Any CPU.Build.0 = Release|Any CPU
	EndGlobalSection
	GlobalSection(SolutionProperties) = preSolution
		HideSolutionNode = FALSE
	EndGlobalSection
	GlobalSection(ExtensibilityGlobals) = postSolution
		SolutionGuid = {0464A2D0-0DD6-4D3D-99E6-2BAE06593632}
	EndGlobalSection
EndGlobal
